# THIS IS AN AUTOGENERATED FILE. DO NOT EDIT THIS FILE DIRECTLY.
# yarn lockfile v1


react-is@^16.5.2:
  version "16.5.2"
  resolved "https://registry.yarnpkg.com/react-is/-/react-is-16.5.2.tgz#e2a7b7c3f5d48062eb769fcb123505eb928722e3"
  integrity sha512-hSl7E6l25GTjNEZATqZIuWOgSnpXb3kD0DVCujmg46K5zLxsbiKaaT6VO9slkSBDPZfYs30lwfJwbOFOnoEnKQ==
